// !$*UTF8*$!
{
	archiveVersion = 1;
	classes = {
	};
	objectVersion = 46;
	objects = {

/* Begin PBXBuildFile section */
		5C90399F166B28D300365CD5 /* UIKit.framework in Frameworks */ = {isa = PBXBuildFile; fileRef = 5C90399E166B28D300365CD5 /* UIKit.framework */; };
		5C9039A1166B28D300365CD5 /* Foundation.framework in Frameworks */ = {isa = PBXBuildFile; fileRef = 5C9039A0166B28D300365CD5 /* Foundation.framework */; };
		5C9039A3166B28D300365CD5 /* CoreGraphics.framework in Frameworks */ = {isa = PBXBuildFile; fileRef = 5C9039A2166B28D300365CD5 /* CoreGraphics.framework */; };
		5C9039A9166B28D300365CD5 /* InfoPlist.strings in Resources */ = {isa = PBXBuildFile; fileRef = 5C9039A7166B28D300365CD5 /* InfoPlist.strings */; };
		5C9039AB166B28D300365CD5 /* main.m in Sources */ = {isa = PBXBuildFile; fileRef = 5C9039AA166B28D300365CD5 /* main.m */; };
		5C9039AF166B28D300365CD5 /* AppDelegate.m in Sources */ = {isa = PBXBuildFile; fileRef = 5C9039AE166B28D300365CD5 /* AppDelegate.m */; };
		5C9039B1166B28D300365CD5 /* Default.png in Resources */ = {isa = PBXBuildFile; fileRef = 5C9039B0166B28D300365CD5 /* Default.png */; };
		5C9039B3166B28D300365CD5 /* Default@2x.png in Resources */ = {isa = PBXBuildFile; fileRef = 5C9039B2166B28D300365CD5 /* Default@2x.png */; };
		5C9039B5166B28D300365CD5 /* Default-568h@2x.png in Resources */ = {isa = PBXBuildFile; fileRef = 5C9039B4166B28D300365CD5 /* Default-568h@2x.png */; };
		5C9039B8166B28D300365CD5 /* ViewController.m in Sources */ = {isa = PBXBuildFile; fileRef = 5C9039B7166B28D300365CD5 /* ViewController.m */; };
		5C9039BB166B28D300365CD5 /* ViewController.xib in Resources */ = {isa = PBXBuildFile; fileRef = 5C9039B9166B28D300365CD5 /* ViewController.xib */; };
/* End PBXBuildFile section */

/* Begin PBXFileReference section */
		5C90399A166B28D300365CD5 /* leak.app */ = {isa = PBXFileReference; explicitFileType = wrapper.application; includeInIndex = 0; path = leak.app; sourceTree = BUILT_PRODUCTS_DIR; };
		5C90399E166B28D300365CD5 /* UIKit.framework */ = {isa = PBXFileReference; lastKnownFileType = wrapper.framework; name = UIKit.framework; path = System/Library/Frameworks/UIKit.framework; sourceTree = SDKROOT; };
		5C9039A0166B28D300365CD5 /* Foundation.framework */ = {isa = PBXFileReference; lastKnownFileType = wrapper.framework; name = Foundation.framework; path = System/Library/Frameworks/Foundation.framework; sourceTree = SDKROOT; };
		5C9039A2166B28D300365CD5 /* CoreGraphics.framework */ = {isa = PBXFileReference; lastKnownFileType = wrapper.framework; name = CoreGraphics.framework; path = System/Library/Frameworks/CoreGraphics.framework; sourceTree = SDKROOT; };
		5C9039A6166B28D300365CD5 /* leak-Info.plist */ = {isa = PBXFileReference; lastKnownFileType = text.plist.xml; path = "leak-Info.plist"; sourceTree = "<group>"; };
		5C9039A8166B28D300365CD5 /* en */ = {isa = PBXFileReference; lastKnownFileType = text.plist.strings; name = en; path = en.lproj/InfoPlist.strings; sourceTree = "<group>"; };
		5C9039AA166B28D300365CD5 /* main.m */ = {isa = PBXFileReference; lastKnownFileType = sourcecode.c.objc; path = main.m; sourceTree = "<group>"; };
		5C9039AC166B28D300365CD5 /* leak-Prefix.pch */ = {isa = PBXFileReference; lastKnownFileType = sourcecode.c.h; path = "leak-Prefix.pch"; sourceTree = "<group>"; };
		5C9039AD166B28D300365CD5 /* AppDelegate.h */ = {isa = PBXFileReference; lastKnownFileType = sourcecode.c.h; path = AppDelegate.h; sourceTree = "<group>"; };
		5C9039AE166B28D300365CD5 /* AppDelegate.m */ = {isa = PBXFileReference; lastKnownFileType = sourcecode.c.objc; path = AppDelegate.m; sourceTree = "<group>"; };
		5C9039B0166B28D300365CD5 /* Default.png */ = {isa = PBXFileReference; lastKnownFileType = image.png; path = Default.png; sourceTree = "<group>"; };
		5C9039B2166B28D300365CD5 /* Default@2x.png */ = {isa = PBXFileReference; lastKnownFileType = image.png; path = "Default@2x.png"; sourceTree = "<group>"; };
		5C9039B4166B28D300365CD5 /* Default-568h@2x.png */ = {isa = PBXFileReference; lastKnownFileType = image.png; path = "Default-568h@2x.png"; sourceTree = "<group>"; };
		5C9039B6166B28D300365CD5 /* ViewController.h */ = {isa = PBXFileReference; lastKnownFileType = sourcecode.c.h; path = ViewController.h; sourceTree = "<group>"; };
		5C9039B7166B28D300365CD5 /* ViewController.m */ = {isa = PBXFileReference; lastKnownFileType = sourcecode.c.objc; path = ViewController.m; sourceTree = "<group>"; };
		5C9039BA166B28D300365CD5 /* en */ = {isa = PBXFileReference; lastKnownFileType = file.xib; name = en; path = en.lproj/ViewController.xib; sourceTree = "<group>"; };
/* End PBXFileReference section */

/* Begin PBXFrameworksBuildPhase section */
		5C903997166B28D300365CD5 /* Frameworks */ = {
			isa = PBXFrameworksBuildPhase;
			buildActionMask = 2147483647;
			files = (
				5C90399F166B28D300365CD5 /* UIKit.framework in Frameworks */,
				5C9039A1166B28D300365CD5 /* Foundation.framework in Frameworks */,
				5C9039A3166B28D300365CD5 /* CoreGraphics.framework in Frameworks */,
			);
			runOnlyForDeploymentPostprocessing = 0;
		};
/* End PBXFrameworksBuildPhase section */

/* Begin PBXGroup section */
		5C90398F166B28D300365CD5 = {
			isa = PBXGroup;
			children = (
				5C9039A4166B28D300365CD5 /* leak */,
				5C90399D166B28D300365CD5 /* Frameworks */,
				5C90399B166B28D300365CD5 /* Products */,
			);
			sourceTree = "<group>";
		};
		5C90399B166B28D300365CD5 /* Products */ = {
			isa = PBXGroup;
			children = (
				5C90399A166B28D300365CD5 /* leak.app */,
			);
			name = Products;
			sourceTree = "<group>";
		};
		5C90399D166B28D300365CD5 /* Frameworks */ = {
			isa = PBXGroup;
			children = (
				5C90399E166B28D300365CD5 /* UIKit.framework */,
				5C9039A0166B28D300365CD5 /* Foundation.framework */,
				5C9039A2166B28D300365CD5 /* CoreGraphics.framework */,
			);
			name = Frameworks;
			sourceTree = "<group>";
		};
		5C9039A4166B28D300365CD5 /* leak */ = {
			isa = PBXGroup;
			children = (
				5C9039AD166B28D300365CD5 /* AppDelegate.h */,
				5C9039AE166B28D300365CD5 /* AppDelegate.m */,
				5C9039B6166B28D300365CD5 /* ViewController.h */,
				5C9039B7166B28D300365CD5 /* ViewController.m */,
				5C9039B9166B28D300365CD5 /* ViewController.xib */,
				5C9039A5166B28D300365CD5 /* Supporting Files */,
			);
			path = leak;
			sourceTree = "<group>";
		};
		5C9039A5166B28D300365CD5 /* Supporting Files */ = {
			isa = PBXGroup;
			children = (
				5C9039A6166B28D300365CD5 /* leak-Info.plist */,
				5C9039A7166B28D300365CD5 /* InfoPlist.strings */,
				5C9039AA166B28D300365CD5 /* main.m */,
				5C9039AC166B28D300365CD5 /* leak-Prefix.pch */,
				5C9039B0166B28D300365CD5 /* Default.png */,
				5C9039B2166B28D300365CD5 /* Default@2x.png */,
				5C9039B4166B28D300365CD5 /* Default-568h@2x.png */,
			);
			name = "Supporting Files";
			sourceTree = "<group>";
		};
/* End PBXGroup section */

/* Begin PBXNativeTarget section */
		5C903999166B28D300365CD5 /* leak */ = {
			isa = PBXNativeTarget;
			buildConfigurationList = 5C9039BE166B28D300365CD5 /* Build configuration list for PBXNativeTarget "leak" */;
			buildPhases = (
				5C903996166B28D300365CD5 /* Sources */,
				5C903997166B28D300365CD5 /* Frameworks */,
				5C903998166B28D300365CD5 /* Resources */,
			);
			buildRules = (
			);
			dependencies = (
			);
			name = leak;
			productName = leak;
			productReference = 5C90399A166B28D300365CD5 /* leak.app */;
			productType = "com.apple.product-type.application";
		};
/* End PBXNativeTarget section */

/* Begin PBXProject section */
		5C903991166B28D300365CD5 /* Project object */ = {
			isa = PBXProject;
			attributes = {
				LastUpgradeCheck = 0450;
				ORGANIZATIONNAME = kevin;
			};
			buildConfigurationList = 5C903994166B28D300365CD5 /* Build configuration list for PBXProject "leak" */;
			compatibilityVersion = "Xcode 3.2";
			developmentRegion = English;
			hasScannedForEncodings = 0;
			knownRegions = (
				en,
			);
			mainGroup = 5C90398F166B28D300365CD5;
			productRefGroup = 5C90399B166B28D300365CD5 /* Products */;
			projectDirPath = "";
			projectRoot = "";
			targets = (
				5C903999166B28D300365CD5 /* leak */,
			);
		};
/* End PBXProject section */

/* Begin PBXResourcesBuildPhase section */
		5C903998166B28D300365CD5 /* Resources */ = {
			isa = PBXResourcesBuildPhase;
			buildActionMask = 2147483647;
			files = (
				5C9039A9166B28D300365CD5 /* InfoPlist.strings in Resources */,
				5C9039B1166B28D300365CD5 /* Default.png in Resources */,
				5C9039B3166B28D300365CD5 /* Default@2x.png in Resources */,
				5C9039B5166B28D300365CD5 /* Default-568h@2x.png in Resources */,
				5C9039BB166B28D300365CD5 /* ViewController.xib in Resources */,
			);
			runOnlyForDeploymentPostprocessing = 0;
		};
/* End PBXResourcesBuildPhase section */

/* Begin PBXSourcesBuildPhase section */
		5C903996166B28D300365CD5 /* Sources */ = {
			isa = PBXSourcesBuildPhase;
			buildActionMask = 2147483647;
			files = (
				5C9039AB166B28D300365CD5 /* main.m in Sources */,
				5C9039AF166B28D300365CD5 /* AppDelegate.m in Sources */,
				5C9039B8166B28D300365CD5 /* ViewController.m in Sources */,
			);
			runOnlyForDeploymentPostprocessing = 0;
		};
/* End PBXSourcesBuildPhase section */

/* Begin PBXVariantGroup section */
		5C9039A7166B28D300365CD5 /* InfoPlist.strings */ = {
			isa = PBXVariantGroup;
			children = (
				5C9039A8166B28D300365CD5 /* en */,
			);
			name = InfoPlist.strings;
			sourceTree = "<group>";
		};
		5C9039B9166B28D300365CD5 /* ViewController.xib */ = {
			isa = PBXVariantGroup;
			children = (
				5C9039BA166B28D300365CD5 /* en */,
			);
			name = ViewController.xib;
			sourceTree = "<group>";
		};
/* End PBXVariantGroup section */

/* Begin XCBuildConfiguration section */
		5C9039BC166B28D300365CD5 /* Debug */ = {
			isa = XCBuildConfiguration;
			buildSettings = {
				ALWAYS_SEARCH_USER_PATHS = NO;
				CLANG_CXX_LANGUAGE_STANDARD = "gnu++0x";
				CLANG_CXX_LIBRARY = "libc++";
				CLANG_WARN_EMPTY_BODY = YES;
				CLANG_WARN__DUPLICATE_METHOD_MATCH = YES;
				"CODE_SIGN_IDENTITY[sdk=iphoneos*]" = "iPhone Developer";
				COPY_PHASE_STRIP = NO;
				GCC_C_LANGUAGE_STANDARD = gnu99;
				GCC_DYNAMIC_NO_PIC = NO;
				GCC_OPTIMIZATION_LEVEL = 0;
				GCC_PREPROCESSOR_DEFINITIONS = (
					"DEBUG=1",
					"$(inherited)",
				);
				GCC_SYMBOLS_PRIVATE_EXTERN = NO;
				GCC_WARN_ABOUT_RETURN_TYPE = YES;
				GCC_WARN_UNINITIALIZED_AUTOS = YES;
				GCC_WARN_UNUSED_VARIABLE = YES;
				IPHONEOS_DEPLOYMENT_TARGET = 6.0;
				ONLY_ACTIVE_ARCH = YES;
				SDKROOT = iphoneos;
			};
			name = Debug;
		};
		5C9039BD166B28D300365CD5 /* Release */ = {
			isa = XCBuildConfiguration;
			buildSettings = {
				ALWAYS_SEARCH_USER_PATHS = NO;
				CLANG_CXX_LANGUAGE_STANDARD = "gnu++0x";
				CLANG_CXX_LIBRARY = "libc++";
				CLANG_WARN_EMPTY_BODY = YES;
				CLANG_WARN__DUPLICATE_METHOD_MATCH = YES;
				"CODE_SIGN_IDENTITY[sdk=iphoneos*]" = "iPhone Developer";
				COPY_PHASE_STRIP = YES;
				GCC_C_LANGUAGE_STANDARD = gnu99;
				GCC_WARN_ABOUT_RETURN_TYPE = YES;
				GCC_WARN_UNINITIALIZED_AUTOS = YES;
				GCC_WARN_UNUSED_VARIABLE = YES;
				IPHONEOS_DEPLOYMENT_TARGET = 6.0;
				OTHER_CFLAGS = "-DNS_BLOCK_ASSERTIONS=1";
				SDKROOT = iphoneos;
				VALIDATE_PRODUCT = YES;
			};
			name = Release;
		};
		5C9039BF166B28D300365CD5 /* Debug */ = {
			isa = XCBuildConfiguration;
			buildSettings = {
				GCC_PRECOMPILE_PREFIX_HEADER = YES;
				GCC_PREFIX_HEADER = "leak/leak-Prefix.pch";
				INFOPLIST_FILE = "leak/leak-Info.plist";
				PRODUCT_NAME = "$(TARGET_NAME)";
				WRAPPER_EXTENSION = app;
			};
			name = Debug;
		};
		5C9039C0166B28D300365CD5 /* Release */ = {
			isa = XCBuildConfiguration;
			buildSettings = {
				GCC_PRECOMPILE_PREFIX_HEADER = YES;
				GCC_PREFIX_HEADER = "leak/leak-Prefix.pch";
				INFOPLIST_FILE = "leak/leak-Info.plist";
				PRODUCT_NAME = "$(TARGET_NAME)";
				WRAPPER_EXTENSION = app;
			};
			name = Release;
		};
/* End XCBuildConfiguration section */

/* Begin XCConfigurationList section */
		5C903994166B28D300365CD5 /* Build configuration list for PBXProject "leak" */ = {
			isa = XCConfigurationList;
			buildConfigurations = (
				5C9039BC166B28D300365CD5 /* Debug */,
				5C9039BD166B28D300365CD5 /* Release */,
			);
			defaultConfigurationIsVisible = 0;
			defaultConfigurationName = Release;
		};
		5C9039BE166B28D300365CD5 /* Build configuration list for PBXNativeTarget "leak" */ = {
			isa = XCConfigurationList;
			buildConfigurations = (
				5C9039BF166B28D300365CD5 /* Debug */,
				5C9039C0166B28D300365CD5 /* Release */,
			);
			defaultConfigurationIsVisible = 0;
		};
/* End XCConfigurationList section */
	};
	rootObject = 5C903991166B28D300365CD5 /* Project object */;
}
