// !$*UTF8*$!
{
	archiveVersion = 1;
	classes = {
	};
	objectVersion = 46;
	objects = {

/* Begin PBXBuildFile section */
		5CEA9B1815D609B10074A821 /* Foundation.framework in Frameworks */ = {isa = PBXBuildFile; fileRef = 5CEA9B1715D609B10074A821 /* Foundation.framework */; };
		5CEA9B1B15D609B10074A821 /* main.m in Sources */ = {isa = PBXBuildFile; fileRef = 5CEA9B1A15D609B10074A821 /* main.m */; };
		5CEA9B1F15D609B10074A821 /* outputNum.1 in CopyFiles */ = {isa = PBXBuildFile; fileRef = 5CEA9B1E15D609B10074A821 /* outputNum.1 */; };
/* End PBXBuildFile section */

/* Begin PBXCopyFilesBuildPhase section */
		5CEA9B1115D609B10074A821 /* CopyFiles */ = {
			isa = PBXCopyFilesBuildPhase;
			buildActionMask = 2147483647;
			dstPath = /usr/share/man/man1/;
			dstSubfolderSpec = 0;
			files = (
				5CEA9B1F15D609B10074A821 /* outputNum.1 in CopyFiles */,
			);
			runOnlyForDeploymentPostprocessing = 1;
		};
/* End PBXCopyFilesBuildPhase section */

/* Begin PBXFileReference section */
		5CEA9B1315D609B10074A821 /* outputNum */ = {isa = PBXFileReference; explicitFileType = "compiled.mach-o.executable"; includeInIndex = 0; path = outputNum; sourceTree = BUILT_PRODUCTS_DIR; };
		5CEA9B1715D609B10074A821 /* Foundation.framework */ = {isa = PBXFileReference; lastKnownFileType = wrapper.framework; name = Foundation.framework; path = System/Library/Frameworks/Foundation.framework; sourceTree = SDKROOT; };
		5CEA9B1A15D609B10074A821 /* main.m */ = {isa = PBXFileReference; lastKnownFileType = sourcecode.c.objc; path = main.m; sourceTree = "<group>"; };
		5CEA9B1D15D609B10074A821 /* outputNum-Prefix.pch */ = {isa = PBXFileReference; lastKnownFileType = sourcecode.c.h; path = "outputNum-Prefix.pch"; sourceTree = "<group>"; };
		5CEA9B1E15D609B10074A821 /* outputNum.1 */ = {isa = PBXFileReference; lastKnownFileType = text.man; path = outputNum.1; sourceTree = "<group>"; };
/* End PBXFileReference section */

/* Begin PBXFrameworksBuildPhase section */
		5CEA9B1015D609B10074A821 /* Frameworks */ = {
			isa = PBXFrameworksBuildPhase;
			buildActionMask = 2147483647;
			files = (
				5CEA9B1815D609B10074A821 /* Foundation.framework in Frameworks */,
			);
			runOnlyForDeploymentPostprocessing = 0;
		};
/* End PBXFrameworksBuildPhase section */

/* Begin PBXGroup section */
		5CEA9B0815D609B10074A821 = {
			isa = PBXGroup;
			children = (
				5CEA9B1915D609B10074A821 /* outputNum */,
				5CEA9B1615D609B10074A821 /* Frameworks */,
				5CEA9B1415D609B10074A821 /* Products */,
			);
			sourceTree = "<group>";
		};
		5CEA9B1415D609B10074A821 /* Products */ = {
			isa = PBXGroup;
			children = (
				5CEA9B1315D609B10074A821 /* outputNum */,
			);
			name = Products;
			sourceTree = "<group>";
		};
		5CEA9B1615D609B10074A821 /* Frameworks */ = {
			isa = PBXGroup;
			children = (
				5CEA9B1715D609B10074A821 /* Foundation.framework */,
			);
			name = Frameworks;
			sourceTree = "<group>";
		};
		5CEA9B1915D609B10074A821 /* outputNum */ = {
			isa = PBXGroup;
			children = (
				5CEA9B1A15D609B10074A821 /* main.m */,
				5CEA9B1E15D609B10074A821 /* outputNum.1 */,
				5CEA9B1C15D609B10074A821 /* Supporting Files */,
			);
			path = outputNum;
			sourceTree = "<group>";
		};
		5CEA9B1C15D609B10074A821 /* Supporting Files */ = {
			isa = PBXGroup;
			children = (
				5CEA9B1D15D609B10074A821 /* outputNum-Prefix.pch */,
			);
			name = "Supporting Files";
			sourceTree = "<group>";
		};
/* End PBXGroup section */

/* Begin PBXNativeTarget section */
		5CEA9B1215D609B10074A821 /* outputNum */ = {
			isa = PBXNativeTarget;
			buildConfigurationList = 5CEA9B2215D609B10074A821 /* Build configuration list for PBXNativeTarget "outputNum" */;
			buildPhases = (
				5CEA9B0F15D609B10074A821 /* Sources */,
				5CEA9B1015D609B10074A821 /* Frameworks */,
				5CEA9B1115D609B10074A821 /* CopyFiles */,
			);
			buildRules = (
			);
			dependencies = (
			);
			name = outputNum;
			productName = outputNum;
			productReference = 5CEA9B1315D609B10074A821 /* outputNum */;
			productType = "com.apple.product-type.tool";
		};
/* End PBXNativeTarget section */

/* Begin PBXProject section */
		5CEA9B0A15D609B10074A821 /* Project object */ = {
			isa = PBXProject;
			attributes = {
				LastUpgradeCheck = 0440;
				ORGANIZATIONNAME = gfyoyo;
			};
			buildConfigurationList = 5CEA9B0D15D609B10074A821 /* Build configuration list for PBXProject "outputNum" */;
			compatibilityVersion = "Xcode 3.2";
			developmentRegion = English;
			hasScannedForEncodings = 0;
			knownRegions = (
				en,
			);
			mainGroup = 5CEA9B0815D609B10074A821;
			productRefGroup = 5CEA9B1415D609B10074A821 /* Products */;
			projectDirPath = "";
			projectRoot = "";
			targets = (
				5CEA9B1215D609B10074A821 /* outputNum */,
			);
		};
/* End PBXProject section */

/* Begin PBXSourcesBuildPhase section */
		5CEA9B0F15D609B10074A821 /* Sources */ = {
			isa = PBXSourcesBuildPhase;
			buildActionMask = 2147483647;
			files = (
				5CEA9B1B15D609B10074A821 /* main.m in Sources */,
			);
			runOnlyForDeploymentPostprocessing = 0;
		};
/* End PBXSourcesBuildPhase section */

/* Begin XCBuildConfiguration section */
		5CEA9B2015D609B10074A821 /* Debug */ = {
			isa = XCBuildConfiguration;
			buildSettings = {
				ALWAYS_SEARCH_USER_PATHS = NO;
				ARCHS = "$(ARCHS_STANDARD_64_BIT)";
				CLANG_CXX_LANGUAGE_STANDARD = "gnu++0x";
				CLANG_ENABLE_OBJC_ARC = YES;
				CLANG_WARN__DUPLICATE_METHOD_MATCH = YES;
				COPY_PHASE_STRIP = NO;
				GCC_C_LANGUAGE_STANDARD = gnu99;
				GCC_DYNAMIC_NO_PIC = NO;
				GCC_ENABLE_OBJC_EXCEPTIONS = YES;
				GCC_OPTIMIZATION_LEVEL = 0;
				GCC_PREPROCESSOR_DEFINITIONS = (
					"DEBUG=1",
					"$(inherited)",
				);
				GCC_SYMBOLS_PRIVATE_EXTERN = NO;
				GCC_WARN_64_TO_32_BIT_CONVERSION = YES;
				GCC_WARN_ABOUT_RETURN_TYPE = YES;
				GCC_WARN_UNINITIALIZED_AUTOS = YES;
				GCC_WARN_UNUSED_VARIABLE = YES;
				MACOSX_DEPLOYMENT_TARGET = 10.8;
				ONLY_ACTIVE_ARCH = YES;
				SDKROOT = macosx;
			};
			name = Debug;
		};
		5CEA9B2115D609B10074A821 /* Release */ = {
			isa = XCBuildConfiguration;
			buildSettings = {
				ALWAYS_SEARCH_USER_PATHS = NO;
				ARCHS = "$(ARCHS_STANDARD_64_BIT)";
				CLANG_CXX_LANGUAGE_STANDARD = "gnu++0x";
				CLANG_ENABLE_OBJC_ARC = YES;
				CLANG_WARN__DUPLICATE_METHOD_MATCH = YES;
				COPY_PHASE_STRIP = YES;
				DEBUG_INFORMATION_FORMAT = "dwarf-with-dsym";
				GCC_C_LANGUAGE_STANDARD = gnu99;
				GCC_ENABLE_OBJC_EXCEPTIONS = YES;
				GCC_WARN_64_TO_32_BIT_CONVERSION = YES;
				GCC_WARN_ABOUT_RETURN_TYPE = YES;
				GCC_WARN_UNINITIALIZED_AUTOS = YES;
				GCC_WARN_UNUSED_VARIABLE = YES;
				MACOSX_DEPLOYMENT_TARGET = 10.8;
				SDKROOT = macosx;
			};
			name = Release;
		};
		5CEA9B2315D609B10074A821 /* Debug */ = {
			isa = XCBuildConfiguration;
			buildSettings = {
				GCC_PRECOMPILE_PREFIX_HEADER = YES;
				GCC_PREFIX_HEADER = "outputNum/outputNum-Prefix.pch";
				PRODUCT_NAME = "$(TARGET_NAME)";
			};
			name = Debug;
		};
		5CEA9B2415D609B10074A821 /* Release */ = {
			isa = XCBuildConfiguration;
			buildSettings = {
				GCC_PRECOMPILE_PREFIX_HEADER = YES;
				GCC_PREFIX_HEADER = "outputNum/outputNum-Prefix.pch";
				PRODUCT_NAME = "$(TARGET_NAME)";
			};
			name = Release;
		};
/* End XCBuildConfiguration section */

/* Begin XCConfigurationList section */
		5CEA9B0D15D609B10074A821 /* Build configuration list for PBXProject "outputNum" */ = {
			isa = XCConfigurationList;
			buildConfigurations = (
				5CEA9B2015D609B10074A821 /* Debug */,
				5CEA9B2115D609B10074A821 /* Release */,
			);
			defaultConfigurationIsVisible = 0;
			defaultConfigurationName = Release;
		};
		5CEA9B2215D609B10074A821 /* Build configuration list for PBXNativeTarget "outputNum" */ = {
			isa = XCConfigurationList;
			buildConfigurations = (
				5CEA9B2315D609B10074A821 /* Debug */,
				5CEA9B2415D609B10074A821 /* Release */,
			);
			defaultConfigurationIsVisible = 0;
		};
/* End XCConfigurationList section */
	};
	rootObject = 5CEA9B0A15D609B10074A821 /* Project object */;
}
