// !$*UTF8*$!
{
	archiveVersion = 1;
	classes = {
	};
	objectVersion = 46;
	objects = {

/* Begin PBXBuildFile section */
		5C962C1A163EBA2C00D7C78C /* UIKit.framework in Frameworks */ = {isa = PBXBuildFile; fileRef = 5C962C19163EBA2C00D7C78C /* UIKit.framework */; };
		5C962C1C163EBA2C00D7C78C /* Foundation.framework in Frameworks */ = {isa = PBXBuildFile; fileRef = 5C962C1B163EBA2C00D7C78C /* Foundation.framework */; };
		5C962C1E163EBA2C00D7C78C /* CoreGraphics.framework in Frameworks */ = {isa = PBXBuildFile; fileRef = 5C962C1D163EBA2C00D7C78C /* CoreGraphics.framework */; };
		5C962C24163EBA2C00D7C78C /* InfoPlist.strings in Resources */ = {isa = PBXBuildFile; fileRef = 5C962C22163EBA2C00D7C78C /* InfoPlist.strings */; };
		5C962C26163EBA2C00D7C78C /* main.m in Sources */ = {isa = PBXBuildFile; fileRef = 5C962C25163EBA2C00D7C78C /* main.m */; };
		5C962C2A163EBA2C00D7C78C /* AppDelegate.m in Sources */ = {isa = PBXBuildFile; fileRef = 5C962C29163EBA2C00D7C78C /* AppDelegate.m */; };
		5C962C2C163EBA2C00D7C78C /* Default.png in Resources */ = {isa = PBXBuildFile; fileRef = 5C962C2B163EBA2C00D7C78C /* Default.png */; };
		5C962C2E163EBA2C00D7C78C /* Default@2x.png in Resources */ = {isa = PBXBuildFile; fileRef = 5C962C2D163EBA2C00D7C78C /* Default@2x.png */; };
		5C962C30163EBA2C00D7C78C /* Default-568h@2x.png in Resources */ = {isa = PBXBuildFile; fileRef = 5C962C2F163EBA2C00D7C78C /* Default-568h@2x.png */; };
		5C962C33163EBA2C00D7C78C /* ViewController.m in Sources */ = {isa = PBXBuildFile; fileRef = 5C962C32163EBA2C00D7C78C /* ViewController.m */; };
		5C962C36163EBA2C00D7C78C /* ViewController.xib in Resources */ = {isa = PBXBuildFile; fileRef = 5C962C34163EBA2C00D7C78C /* ViewController.xib */; };
/* End PBXBuildFile section */

/* Begin PBXFileReference section */
		5C962C15163EBA2C00D7C78C /* 2button.app */ = {isa = PBXFileReference; explicitFileType = wrapper.application; includeInIndex = 0; path = 2button.app; sourceTree = BUILT_PRODUCTS_DIR; };
		5C962C19163EBA2C00D7C78C /* UIKit.framework */ = {isa = PBXFileReference; lastKnownFileType = wrapper.framework; name = UIKit.framework; path = System/Library/Frameworks/UIKit.framework; sourceTree = SDKROOT; };
		5C962C1B163EBA2C00D7C78C /* Foundation.framework */ = {isa = PBXFileReference; lastKnownFileType = wrapper.framework; name = Foundation.framework; path = System/Library/Frameworks/Foundation.framework; sourceTree = SDKROOT; };
		5C962C1D163EBA2C00D7C78C /* CoreGraphics.framework */ = {isa = PBXFileReference; lastKnownFileType = wrapper.framework; name = CoreGraphics.framework; path = System/Library/Frameworks/CoreGraphics.framework; sourceTree = SDKROOT; };
		5C962C21163EBA2C00D7C78C /* 2button-Info.plist */ = {isa = PBXFileReference; lastKnownFileType = text.plist.xml; path = "2button-Info.plist"; sourceTree = "<group>"; };
		5C962C23163EBA2C00D7C78C /* en */ = {isa = PBXFileReference; lastKnownFileType = text.plist.strings; name = en; path = en.lproj/InfoPlist.strings; sourceTree = "<group>"; };
		5C962C25163EBA2C00D7C78C /* main.m */ = {isa = PBXFileReference; lastKnownFileType = sourcecode.c.objc; path = main.m; sourceTree = "<group>"; };
		5C962C27163EBA2C00D7C78C /* 2button-Prefix.pch */ = {isa = PBXFileReference; lastKnownFileType = sourcecode.c.h; path = "2button-Prefix.pch"; sourceTree = "<group>"; };
		5C962C28163EBA2C00D7C78C /* AppDelegate.h */ = {isa = PBXFileReference; lastKnownFileType = sourcecode.c.h; path = AppDelegate.h; sourceTree = "<group>"; };
		5C962C29163EBA2C00D7C78C /* AppDelegate.m */ = {isa = PBXFileReference; lastKnownFileType = sourcecode.c.objc; path = AppDelegate.m; sourceTree = "<group>"; };
		5C962C2B163EBA2C00D7C78C /* Default.png */ = {isa = PBXFileReference; lastKnownFileType = image.png; path = Default.png; sourceTree = "<group>"; };
		5C962C2D163EBA2C00D7C78C /* Default@2x.png */ = {isa = PBXFileReference; lastKnownFileType = image.png; path = "Default@2x.png"; sourceTree = "<group>"; };
		5C962C2F163EBA2C00D7C78C /* Default-568h@2x.png */ = {isa = PBXFileReference; lastKnownFileType = image.png; path = "Default-568h@2x.png"; sourceTree = "<group>"; };
		5C962C31163EBA2C00D7C78C /* ViewController.h */ = {isa = PBXFileReference; lastKnownFileType = sourcecode.c.h; path = ViewController.h; sourceTree = "<group>"; };
		5C962C32163EBA2C00D7C78C /* ViewController.m */ = {isa = PBXFileReference; lastKnownFileType = sourcecode.c.objc; path = ViewController.m; sourceTree = "<group>"; };
		5C962C35163EBA2C00D7C78C /* en */ = {isa = PBXFileReference; lastKnownFileType = file.xib; name = en; path = en.lproj/ViewController.xib; sourceTree = "<group>"; };
/* End PBXFileReference section */

/* Begin PBXFrameworksBuildPhase section */
		5C962C12163EBA2C00D7C78C /* Frameworks */ = {
			isa = PBXFrameworksBuildPhase;
			buildActionMask = 2147483647;
			files = (
				5C962C1A163EBA2C00D7C78C /* UIKit.framework in Frameworks */,
				5C962C1C163EBA2C00D7C78C /* Foundation.framework in Frameworks */,
				5C962C1E163EBA2C00D7C78C /* CoreGraphics.framework in Frameworks */,
			);
			runOnlyForDeploymentPostprocessing = 0;
		};
/* End PBXFrameworksBuildPhase section */

/* Begin PBXGroup section */
		5C962C0A163EBA2C00D7C78C = {
			isa = PBXGroup;
			children = (
				5C962C1F163EBA2C00D7C78C /* 2button */,
				5C962C18163EBA2C00D7C78C /* Frameworks */,
				5C962C16163EBA2C00D7C78C /* Products */,
			);
			sourceTree = "<group>";
		};
		5C962C16163EBA2C00D7C78C /* Products */ = {
			isa = PBXGroup;
			children = (
				5C962C15163EBA2C00D7C78C /* 2button.app */,
			);
			name = Products;
			sourceTree = "<group>";
		};
		5C962C18163EBA2C00D7C78C /* Frameworks */ = {
			isa = PBXGroup;
			children = (
				5C962C19163EBA2C00D7C78C /* UIKit.framework */,
				5C962C1B163EBA2C00D7C78C /* Foundation.framework */,
				5C962C1D163EBA2C00D7C78C /* CoreGraphics.framework */,
			);
			name = Frameworks;
			sourceTree = "<group>";
		};
		5C962C1F163EBA2C00D7C78C /* 2button */ = {
			isa = PBXGroup;
			children = (
				5C962C28163EBA2C00D7C78C /* AppDelegate.h */,
				5C962C29163EBA2C00D7C78C /* AppDelegate.m */,
				5C962C31163EBA2C00D7C78C /* ViewController.h */,
				5C962C32163EBA2C00D7C78C /* ViewController.m */,
				5C962C34163EBA2C00D7C78C /* ViewController.xib */,
				5C962C20163EBA2C00D7C78C /* Supporting Files */,
			);
			path = 2button;
			sourceTree = "<group>";
		};
		5C962C20163EBA2C00D7C78C /* Supporting Files */ = {
			isa = PBXGroup;
			children = (
				5C962C21163EBA2C00D7C78C /* 2button-Info.plist */,
				5C962C22163EBA2C00D7C78C /* InfoPlist.strings */,
				5C962C25163EBA2C00D7C78C /* main.m */,
				5C962C27163EBA2C00D7C78C /* 2button-Prefix.pch */,
				5C962C2B163EBA2C00D7C78C /* Default.png */,
				5C962C2D163EBA2C00D7C78C /* Default@2x.png */,
				5C962C2F163EBA2C00D7C78C /* Default-568h@2x.png */,
			);
			name = "Supporting Files";
			sourceTree = "<group>";
		};
/* End PBXGroup section */

/* Begin PBXNativeTarget section */
		5C962C14163EBA2C00D7C78C /* 2button */ = {
			isa = PBXNativeTarget;
			buildConfigurationList = 5C962C39163EBA2C00D7C78C /* Build configuration list for PBXNativeTarget "2button" */;
			buildPhases = (
				5C962C11163EBA2C00D7C78C /* Sources */,
				5C962C12163EBA2C00D7C78C /* Frameworks */,
				5C962C13163EBA2C00D7C78C /* Resources */,
			);
			buildRules = (
			);
			dependencies = (
			);
			name = 2button;
			productName = 2button;
			productReference = 5C962C15163EBA2C00D7C78C /* 2button.app */;
			productType = "com.apple.product-type.application";
		};
/* End PBXNativeTarget section */

/* Begin PBXProject section */
		5C962C0C163EBA2C00D7C78C /* Project object */ = {
			isa = PBXProject;
			attributes = {
				LastUpgradeCheck = 0450;
				ORGANIZATIONNAME = kevin;
			};
			buildConfigurationList = 5C962C0F163EBA2C00D7C78C /* Build configuration list for PBXProject "2button" */;
			compatibilityVersion = "Xcode 3.2";
			developmentRegion = English;
			hasScannedForEncodings = 0;
			knownRegions = (
				en,
			);
			mainGroup = 5C962C0A163EBA2C00D7C78C;
			productRefGroup = 5C962C16163EBA2C00D7C78C /* Products */;
			projectDirPath = "";
			projectRoot = "";
			targets = (
				5C962C14163EBA2C00D7C78C /* 2button */,
			);
		};
/* End PBXProject section */

/* Begin PBXResourcesBuildPhase section */
		5C962C13163EBA2C00D7C78C /* Resources */ = {
			isa = PBXResourcesBuildPhase;
			buildActionMask = 2147483647;
			files = (
				5C962C24163EBA2C00D7C78C /* InfoPlist.strings in Resources */,
				5C962C2C163EBA2C00D7C78C /* Default.png in Resources */,
				5C962C2E163EBA2C00D7C78C /* Default@2x.png in Resources */,
				5C962C30163EBA2C00D7C78C /* Default-568h@2x.png in Resources */,
				5C962C36163EBA2C00D7C78C /* ViewController.xib in Resources */,
			);
			runOnlyForDeploymentPostprocessing = 0;
		};
/* End PBXResourcesBuildPhase section */

/* Begin PBXSourcesBuildPhase section */
		5C962C11163EBA2C00D7C78C /* Sources */ = {
			isa = PBXSourcesBuildPhase;
			buildActionMask = 2147483647;
			files = (
				5C962C26163EBA2C00D7C78C /* main.m in Sources */,
				5C962C2A163EBA2C00D7C78C /* AppDelegate.m in Sources */,
				5C962C33163EBA2C00D7C78C /* ViewController.m in Sources */,
			);
			runOnlyForDeploymentPostprocessing = 0;
		};
/* End PBXSourcesBuildPhase section */

/* Begin PBXVariantGroup section */
		5C962C22163EBA2C00D7C78C /* InfoPlist.strings */ = {
			isa = PBXVariantGroup;
			children = (
				5C962C23163EBA2C00D7C78C /* en */,
			);
			name = InfoPlist.strings;
			sourceTree = "<group>";
		};
		5C962C34163EBA2C00D7C78C /* ViewController.xib */ = {
			isa = PBXVariantGroup;
			children = (
				5C962C35163EBA2C00D7C78C /* en */,
			);
			name = ViewController.xib;
			sourceTree = "<group>";
		};
/* End PBXVariantGroup section */

/* Begin XCBuildConfiguration section */
		5C962C37163EBA2C00D7C78C /* Debug */ = {
			isa = XCBuildConfiguration;
			buildSettings = {
				ALWAYS_SEARCH_USER_PATHS = NO;
				CLANG_CXX_LANGUAGE_STANDARD = "gnu++0x";
				CLANG_CXX_LIBRARY = "libc++";
				CLANG_WARN_EMPTY_BODY = YES;
				CLANG_WARN__DUPLICATE_METHOD_MATCH = YES;
				"CODE_SIGN_IDENTITY[sdk=iphoneos*]" = "iPhone Developer";
				COPY_PHASE_STRIP = NO;
				GCC_C_LANGUAGE_STANDARD = gnu99;
				GCC_DYNAMIC_NO_PIC = NO;
				GCC_OPTIMIZATION_LEVEL = 0;
				GCC_PREPROCESSOR_DEFINITIONS = (
					"DEBUG=1",
					"$(inherited)",
				);
				GCC_SYMBOLS_PRIVATE_EXTERN = NO;
				GCC_WARN_ABOUT_RETURN_TYPE = YES;
				GCC_WARN_UNINITIALIZED_AUTOS = YES;
				GCC_WARN_UNUSED_VARIABLE = YES;
				IPHONEOS_DEPLOYMENT_TARGET = 6.0;
				ONLY_ACTIVE_ARCH = YES;
				SDKROOT = iphoneos;
			};
			name = Debug;
		};
		5C962C38163EBA2C00D7C78C /* Release */ = {
			isa = XCBuildConfiguration;
			buildSettings = {
				ALWAYS_SEARCH_USER_PATHS = NO;
				CLANG_CXX_LANGUAGE_STANDARD = "gnu++0x";
				CLANG_CXX_LIBRARY = "libc++";
				CLANG_WARN_EMPTY_BODY = YES;
				CLANG_WARN__DUPLICATE_METHOD_MATCH = YES;
				"CODE_SIGN_IDENTITY[sdk=iphoneos*]" = "iPhone Developer";
				COPY_PHASE_STRIP = YES;
				GCC_C_LANGUAGE_STANDARD = gnu99;
				GCC_WARN_ABOUT_RETURN_TYPE = YES;
				GCC_WARN_UNINITIALIZED_AUTOS = YES;
				GCC_WARN_UNUSED_VARIABLE = YES;
				IPHONEOS_DEPLOYMENT_TARGET = 6.0;
				OTHER_CFLAGS = "-DNS_BLOCK_ASSERTIONS=1";
				SDKROOT = iphoneos;
				VALIDATE_PRODUCT = YES;
			};
			name = Release;
		};
		5C962C3A163EBA2C00D7C78C /* Debug */ = {
			isa = XCBuildConfiguration;
			buildSettings = {
				GCC_PRECOMPILE_PREFIX_HEADER = YES;
				GCC_PREFIX_HEADER = "2button/2button-Prefix.pch";
				INFOPLIST_FILE = "2button/2button-Info.plist";
				PRODUCT_NAME = "$(TARGET_NAME)";
				WRAPPER_EXTENSION = app;
			};
			name = Debug;
		};
		5C962C3B163EBA2C00D7C78C /* Release */ = {
			isa = XCBuildConfiguration;
			buildSettings = {
				GCC_PRECOMPILE_PREFIX_HEADER = YES;
				GCC_PREFIX_HEADER = "2button/2button-Prefix.pch";
				INFOPLIST_FILE = "2button/2button-Info.plist";
				PRODUCT_NAME = "$(TARGET_NAME)";
				WRAPPER_EXTENSION = app;
			};
			name = Release;
		};
/* End XCBuildConfiguration section */

/* Begin XCConfigurationList section */
		5C962C0F163EBA2C00D7C78C /* Build configuration list for PBXProject "2button" */ = {
			isa = XCConfigurationList;
			buildConfigurations = (
				5C962C37163EBA2C00D7C78C /* Debug */,
				5C962C38163EBA2C00D7C78C /* Release */,
			);
			defaultConfigurationIsVisible = 0;
			defaultConfigurationName = Release;
		};
		5C962C39163EBA2C00D7C78C /* Build configuration list for PBXNativeTarget "2button" */ = {
			isa = XCConfigurationList;
			buildConfigurations = (
				5C962C3A163EBA2C00D7C78C /* Debug */,
				5C962C3B163EBA2C00D7C78C /* Release */,
			);
			defaultConfigurationIsVisible = 0;
		};
/* End XCConfigurationList section */
	};
	rootObject = 5C962C0C163EBA2C00D7C78C /* Project object */;
}
