// !$*UTF8*$!
{
	archiveVersion = 1;
	classes = {
	};
	objectVersion = 46;
	objects = {

/* Begin PBXBuildFile section */
		5C0A4E5F16495B8C0054F72E /* UIKit.framework in Frameworks */ = {isa = PBXBuildFile; fileRef = 5C0A4E5E16495B8C0054F72E /* UIKit.framework */; };
		5C0A4E6116495B8C0054F72E /* Foundation.framework in Frameworks */ = {isa = PBXBuildFile; fileRef = 5C0A4E6016495B8C0054F72E /* Foundation.framework */; };
		5C0A4E6316495B8C0054F72E /* CoreGraphics.framework in Frameworks */ = {isa = PBXBuildFile; fileRef = 5C0A4E6216495B8C0054F72E /* CoreGraphics.framework */; };
		5C0A4E6916495B8C0054F72E /* InfoPlist.strings in Resources */ = {isa = PBXBuildFile; fileRef = 5C0A4E6716495B8C0054F72E /* InfoPlist.strings */; };
		5C0A4E6B16495B8C0054F72E /* main.m in Sources */ = {isa = PBXBuildFile; fileRef = 5C0A4E6A16495B8C0054F72E /* main.m */; };
		5C0A4E6F16495B8C0054F72E /* AppDelegate.m in Sources */ = {isa = PBXBuildFile; fileRef = 5C0A4E6E16495B8C0054F72E /* AppDelegate.m */; };
		5C0A4E7116495B8C0054F72E /* Default.png in Resources */ = {isa = PBXBuildFile; fileRef = 5C0A4E7016495B8C0054F72E /* Default.png */; };
		5C0A4E7316495B8C0054F72E /* Default@2x.png in Resources */ = {isa = PBXBuildFile; fileRef = 5C0A4E7216495B8C0054F72E /* Default@2x.png */; };
		5C0A4E7516495B8C0054F72E /* Default-568h@2x.png in Resources */ = {isa = PBXBuildFile; fileRef = 5C0A4E7416495B8C0054F72E /* Default-568h@2x.png */; };
		5C0A4E7816495B8C0054F72E /* ViewController.m in Sources */ = {isa = PBXBuildFile; fileRef = 5C0A4E7716495B8C0054F72E /* ViewController.m */; };
		5C0A4E7B16495B8C0054F72E /* ViewController.xib in Resources */ = {isa = PBXBuildFile; fileRef = 5C0A4E7916495B8C0054F72E /* ViewController.xib */; };
/* End PBXBuildFile section */

/* Begin PBXFileReference section */
		5C0A4E5A16495B8C0054F72E /* simpleTabViewcontrol.app */ = {isa = PBXFileReference; explicitFileType = wrapper.application; includeInIndex = 0; path = simpleTabViewcontrol.app; sourceTree = BUILT_PRODUCTS_DIR; };
		5C0A4E5E16495B8C0054F72E /* UIKit.framework */ = {isa = PBXFileReference; lastKnownFileType = wrapper.framework; name = UIKit.framework; path = System/Library/Frameworks/UIKit.framework; sourceTree = SDKROOT; };
		5C0A4E6016495B8C0054F72E /* Foundation.framework */ = {isa = PBXFileReference; lastKnownFileType = wrapper.framework; name = Foundation.framework; path = System/Library/Frameworks/Foundation.framework; sourceTree = SDKROOT; };
		5C0A4E6216495B8C0054F72E /* CoreGraphics.framework */ = {isa = PBXFileReference; lastKnownFileType = wrapper.framework; name = CoreGraphics.framework; path = System/Library/Frameworks/CoreGraphics.framework; sourceTree = SDKROOT; };
		5C0A4E6616495B8C0054F72E /* simpleTabViewcontrol-Info.plist */ = {isa = PBXFileReference; lastKnownFileType = text.plist.xml; path = "simpleTabViewcontrol-Info.plist"; sourceTree = "<group>"; };
		5C0A4E6816495B8C0054F72E /* en */ = {isa = PBXFileReference; lastKnownFileType = text.plist.strings; name = en; path = en.lproj/InfoPlist.strings; sourceTree = "<group>"; };
		5C0A4E6A16495B8C0054F72E /* main.m */ = {isa = PBXFileReference; lastKnownFileType = sourcecode.c.objc; path = main.m; sourceTree = "<group>"; };
		5C0A4E6C16495B8C0054F72E /* simpleTabViewcontrol-Prefix.pch */ = {isa = PBXFileReference; lastKnownFileType = sourcecode.c.h; path = "simpleTabViewcontrol-Prefix.pch"; sourceTree = "<group>"; };
		5C0A4E6D16495B8C0054F72E /* AppDelegate.h */ = {isa = PBXFileReference; lastKnownFileType = sourcecode.c.h; path = AppDelegate.h; sourceTree = "<group>"; };
		5C0A4E6E16495B8C0054F72E /* AppDelegate.m */ = {isa = PBXFileReference; lastKnownFileType = sourcecode.c.objc; path = AppDelegate.m; sourceTree = "<group>"; };
		5C0A4E7016495B8C0054F72E /* Default.png */ = {isa = PBXFileReference; lastKnownFileType = image.png; path = Default.png; sourceTree = "<group>"; };
		5C0A4E7216495B8C0054F72E /* Default@2x.png */ = {isa = PBXFileReference; lastKnownFileType = image.png; path = "Default@2x.png"; sourceTree = "<group>"; };
		5C0A4E7416495B8C0054F72E /* Default-568h@2x.png */ = {isa = PBXFileReference; lastKnownFileType = image.png; path = "Default-568h@2x.png"; sourceTree = "<group>"; };
		5C0A4E7616495B8C0054F72E /* ViewController.h */ = {isa = PBXFileReference; lastKnownFileType = sourcecode.c.h; path = ViewController.h; sourceTree = "<group>"; };
		5C0A4E7716495B8C0054F72E /* ViewController.m */ = {isa = PBXFileReference; lastKnownFileType = sourcecode.c.objc; path = ViewController.m; sourceTree = "<group>"; };
		5C0A4E7A16495B8C0054F72E /* en */ = {isa = PBXFileReference; lastKnownFileType = file.xib; name = en; path = en.lproj/ViewController.xib; sourceTree = "<group>"; };
/* End PBXFileReference section */

/* Begin PBXFrameworksBuildPhase section */
		5C0A4E5716495B8C0054F72E /* Frameworks */ = {
			isa = PBXFrameworksBuildPhase;
			buildActionMask = 2147483647;
			files = (
				5C0A4E5F16495B8C0054F72E /* UIKit.framework in Frameworks */,
				5C0A4E6116495B8C0054F72E /* Foundation.framework in Frameworks */,
				5C0A4E6316495B8C0054F72E /* CoreGraphics.framework in Frameworks */,
			);
			runOnlyForDeploymentPostprocessing = 0;
		};
/* End PBXFrameworksBuildPhase section */

/* Begin PBXGroup section */
		5C0A4E4F16495B8C0054F72E = {
			isa = PBXGroup;
			children = (
				5C0A4E6416495B8C0054F72E /* simpleTabViewcontrol */,
				5C0A4E5D16495B8C0054F72E /* Frameworks */,
				5C0A4E5B16495B8C0054F72E /* Products */,
			);
			sourceTree = "<group>";
		};
		5C0A4E5B16495B8C0054F72E /* Products */ = {
			isa = PBXGroup;
			children = (
				5C0A4E5A16495B8C0054F72E /* simpleTabViewcontrol.app */,
			);
			name = Products;
			sourceTree = "<group>";
		};
		5C0A4E5D16495B8C0054F72E /* Frameworks */ = {
			isa = PBXGroup;
			children = (
				5C0A4E5E16495B8C0054F72E /* UIKit.framework */,
				5C0A4E6016495B8C0054F72E /* Foundation.framework */,
				5C0A4E6216495B8C0054F72E /* CoreGraphics.framework */,
			);
			name = Frameworks;
			sourceTree = "<group>";
		};
		5C0A4E6416495B8C0054F72E /* simpleTabViewcontrol */ = {
			isa = PBXGroup;
			children = (
				5C0A4E6D16495B8C0054F72E /* AppDelegate.h */,
				5C0A4E6E16495B8C0054F72E /* AppDelegate.m */,
				5C0A4E7616495B8C0054F72E /* ViewController.h */,
				5C0A4E7716495B8C0054F72E /* ViewController.m */,
				5C0A4E7916495B8C0054F72E /* ViewController.xib */,
				5C0A4E6516495B8C0054F72E /* Supporting Files */,
			);
			path = simpleTabViewcontrol;
			sourceTree = "<group>";
		};
		5C0A4E6516495B8C0054F72E /* Supporting Files */ = {
			isa = PBXGroup;
			children = (
				5C0A4E6616495B8C0054F72E /* simpleTabViewcontrol-Info.plist */,
				5C0A4E6716495B8C0054F72E /* InfoPlist.strings */,
				5C0A4E6A16495B8C0054F72E /* main.m */,
				5C0A4E6C16495B8C0054F72E /* simpleTabViewcontrol-Prefix.pch */,
				5C0A4E7016495B8C0054F72E /* Default.png */,
				5C0A4E7216495B8C0054F72E /* Default@2x.png */,
				5C0A4E7416495B8C0054F72E /* Default-568h@2x.png */,
			);
			name = "Supporting Files";
			sourceTree = "<group>";
		};
/* End PBXGroup section */

/* Begin PBXNativeTarget section */
		5C0A4E5916495B8C0054F72E /* simpleTabViewcontrol */ = {
			isa = PBXNativeTarget;
			buildConfigurationList = 5C0A4E7E16495B8C0054F72E /* Build configuration list for PBXNativeTarget "simpleTabViewcontrol" */;
			buildPhases = (
				5C0A4E5616495B8C0054F72E /* Sources */,
				5C0A4E5716495B8C0054F72E /* Frameworks */,
				5C0A4E5816495B8C0054F72E /* Resources */,
			);
			buildRules = (
			);
			dependencies = (
			);
			name = simpleTabViewcontrol;
			productName = simpleTabViewcontrol;
			productReference = 5C0A4E5A16495B8C0054F72E /* simpleTabViewcontrol.app */;
			productType = "com.apple.product-type.application";
		};
/* End PBXNativeTarget section */

/* Begin PBXProject section */
		5C0A4E5116495B8C0054F72E /* Project object */ = {
			isa = PBXProject;
			attributes = {
				LastUpgradeCheck = 0450;
				ORGANIZATIONNAME = kevin;
			};
			buildConfigurationList = 5C0A4E5416495B8C0054F72E /* Build configuration list for PBXProject "simpleTabViewcontrol" */;
			compatibilityVersion = "Xcode 3.2";
			developmentRegion = English;
			hasScannedForEncodings = 0;
			knownRegions = (
				en,
			);
			mainGroup = 5C0A4E4F16495B8C0054F72E;
			productRefGroup = 5C0A4E5B16495B8C0054F72E /* Products */;
			projectDirPath = "";
			projectRoot = "";
			targets = (
				5C0A4E5916495B8C0054F72E /* simpleTabViewcontrol */,
			);
		};
/* End PBXProject section */

/* Begin PBXResourcesBuildPhase section */
		5C0A4E5816495B8C0054F72E /* Resources */ = {
			isa = PBXResourcesBuildPhase;
			buildActionMask = 2147483647;
			files = (
				5C0A4E6916495B8C0054F72E /* InfoPlist.strings in Resources */,
				5C0A4E7116495B8C0054F72E /* Default.png in Resources */,
				5C0A4E7316495B8C0054F72E /* Default@2x.png in Resources */,
				5C0A4E7516495B8C0054F72E /* Default-568h@2x.png in Resources */,
				5C0A4E7B16495B8C0054F72E /* ViewController.xib in Resources */,
			);
			runOnlyForDeploymentPostprocessing = 0;
		};
/* End PBXResourcesBuildPhase section */

/* Begin PBXSourcesBuildPhase section */
		5C0A4E5616495B8C0054F72E /* Sources */ = {
			isa = PBXSourcesBuildPhase;
			buildActionMask = 2147483647;
			files = (
				5C0A4E6B16495B8C0054F72E /* main.m in Sources */,
				5C0A4E6F16495B8C0054F72E /* AppDelegate.m in Sources */,
				5C0A4E7816495B8C0054F72E /* ViewController.m in Sources */,
			);
			runOnlyForDeploymentPostprocessing = 0;
		};
/* End PBXSourcesBuildPhase section */

/* Begin PBXVariantGroup section */
		5C0A4E6716495B8C0054F72E /* InfoPlist.strings */ = {
			isa = PBXVariantGroup;
			children = (
				5C0A4E6816495B8C0054F72E /* en */,
			);
			name = InfoPlist.strings;
			sourceTree = "<group>";
		};
		5C0A4E7916495B8C0054F72E /* ViewController.xib */ = {
			isa = PBXVariantGroup;
			children = (
				5C0A4E7A16495B8C0054F72E /* en */,
			);
			name = ViewController.xib;
			sourceTree = "<group>";
		};
/* End PBXVariantGroup section */

/* Begin XCBuildConfiguration section */
		5C0A4E7C16495B8C0054F72E /* Debug */ = {
			isa = XCBuildConfiguration;
			buildSettings = {
				ALWAYS_SEARCH_USER_PATHS = NO;
				CLANG_CXX_LANGUAGE_STANDARD = "gnu++0x";
				CLANG_CXX_LIBRARY = "libc++";
				CLANG_WARN_EMPTY_BODY = YES;
				CLANG_WARN__DUPLICATE_METHOD_MATCH = YES;
				"CODE_SIGN_IDENTITY[sdk=iphoneos*]" = "iPhone Developer";
				COPY_PHASE_STRIP = NO;
				GCC_C_LANGUAGE_STANDARD = gnu99;
				GCC_DYNAMIC_NO_PIC = NO;
				GCC_OPTIMIZATION_LEVEL = 0;
				GCC_PREPROCESSOR_DEFINITIONS = (
					"DEBUG=1",
					"$(inherited)",
				);
				GCC_SYMBOLS_PRIVATE_EXTERN = NO;
				GCC_WARN_ABOUT_RETURN_TYPE = YES;
				GCC_WARN_UNINITIALIZED_AUTOS = YES;
				GCC_WARN_UNUSED_VARIABLE = YES;
				IPHONEOS_DEPLOYMENT_TARGET = 5.0;
				ONLY_ACTIVE_ARCH = YES;
				SDKROOT = iphoneos;
			};
			name = Debug;
		};
		5C0A4E7D16495B8C0054F72E /* Release */ = {
			isa = XCBuildConfiguration;
			buildSettings = {
				ALWAYS_SEARCH_USER_PATHS = NO;
				CLANG_CXX_LANGUAGE_STANDARD = "gnu++0x";
				CLANG_CXX_LIBRARY = "libc++";
				CLANG_WARN_EMPTY_BODY = YES;
				CLANG_WARN__DUPLICATE_METHOD_MATCH = YES;
				"CODE_SIGN_IDENTITY[sdk=iphoneos*]" = "iPhone Developer";
				COPY_PHASE_STRIP = YES;
				GCC_C_LANGUAGE_STANDARD = gnu99;
				GCC_WARN_ABOUT_RETURN_TYPE = YES;
				GCC_WARN_UNINITIALIZED_AUTOS = YES;
				GCC_WARN_UNUSED_VARIABLE = YES;
				IPHONEOS_DEPLOYMENT_TARGET = 5.0;
				OTHER_CFLAGS = "-DNS_BLOCK_ASSERTIONS=1";
				SDKROOT = iphoneos;
				VALIDATE_PRODUCT = YES;
			};
			name = Release;
		};
		5C0A4E7F16495B8C0054F72E /* Debug */ = {
			isa = XCBuildConfiguration;
			buildSettings = {
				GCC_PRECOMPILE_PREFIX_HEADER = YES;
				GCC_PREFIX_HEADER = "simpleTabViewcontrol/simpleTabViewcontrol-Prefix.pch";
				INFOPLIST_FILE = "simpleTabViewcontrol/simpleTabViewcontrol-Info.plist";
				PRODUCT_NAME = "$(TARGET_NAME)";
				WRAPPER_EXTENSION = app;
			};
			name = Debug;
		};
		5C0A4E8016495B8C0054F72E /* Release */ = {
			isa = XCBuildConfiguration;
			buildSettings = {
				GCC_PRECOMPILE_PREFIX_HEADER = YES;
				GCC_PREFIX_HEADER = "simpleTabViewcontrol/simpleTabViewcontrol-Prefix.pch";
				INFOPLIST_FILE = "simpleTabViewcontrol/simpleTabViewcontrol-Info.plist";
				PRODUCT_NAME = "$(TARGET_NAME)";
				WRAPPER_EXTENSION = app;
			};
			name = Release;
		};
/* End XCBuildConfiguration section */

/* Begin XCConfigurationList section */
		5C0A4E5416495B8C0054F72E /* Build configuration list for PBXProject "simpleTabViewcontrol" */ = {
			isa = XCConfigurationList;
			buildConfigurations = (
				5C0A4E7C16495B8C0054F72E /* Debug */,
				5C0A4E7D16495B8C0054F72E /* Release */,
			);
			defaultConfigurationIsVisible = 0;
			defaultConfigurationName = Release;
		};
		5C0A4E7E16495B8C0054F72E /* Build configuration list for PBXNativeTarget "simpleTabViewcontrol" */ = {
			isa = XCConfigurationList;
			buildConfigurations = (
				5C0A4E7F16495B8C0054F72E /* Debug */,
				5C0A4E8016495B8C0054F72E /* Release */,
			);
			defaultConfigurationIsVisible = 0;
		};
/* End XCConfigurationList section */
	};
	rootObject = 5C0A4E5116495B8C0054F72E /* Project object */;
}
