// !$*UTF8*$!
{
	archiveVersion = 1;
	classes = {
	};
	objectVersion = 46;
	objects = {

/* Begin PBXBuildFile section */
		5CBA3699163D11B900939564 /* UIKit.framework in Frameworks */ = {isa = PBXBuildFile; fileRef = 5CBA3698163D11B900939564 /* UIKit.framework */; };
		5CBA369B163D11B900939564 /* Foundation.framework in Frameworks */ = {isa = PBXBuildFile; fileRef = 5CBA369A163D11B900939564 /* Foundation.framework */; };
		5CBA369D163D11B900939564 /* CoreGraphics.framework in Frameworks */ = {isa = PBXBuildFile; fileRef = 5CBA369C163D11B900939564 /* CoreGraphics.framework */; };
		5CBA36A3163D11B900939564 /* InfoPlist.strings in Resources */ = {isa = PBXBuildFile; fileRef = 5CBA36A1163D11B900939564 /* InfoPlist.strings */; };
		5CBA36A5163D11B900939564 /* main.m in Sources */ = {isa = PBXBuildFile; fileRef = 5CBA36A4163D11B900939564 /* main.m */; };
		5CBA36A9163D11B900939564 /* AppDelegate.m in Sources */ = {isa = PBXBuildFile; fileRef = 5CBA36A8163D11B900939564 /* AppDelegate.m */; };
		5CBA36AB163D11B900939564 /* Default.png in Resources */ = {isa = PBXBuildFile; fileRef = 5CBA36AA163D11B900939564 /* Default.png */; };
		5CBA36AD163D11B900939564 /* Default@2x.png in Resources */ = {isa = PBXBuildFile; fileRef = 5CBA36AC163D11B900939564 /* Default@2x.png */; };
		5CBA36AF163D11B900939564 /* Default-568h@2x.png in Resources */ = {isa = PBXBuildFile; fileRef = 5CBA36AE163D11B900939564 /* Default-568h@2x.png */; };
		5CBA36B2163D11B900939564 /* ViewController.m in Sources */ = {isa = PBXBuildFile; fileRef = 5CBA36B1163D11B900939564 /* ViewController.m */; };
		5CBA36B5163D11B900939564 /* ViewController.xib in Resources */ = {isa = PBXBuildFile; fileRef = 5CBA36B3163D11B900939564 /* ViewController.xib */; };
/* End PBXBuildFile section */

/* Begin PBXFileReference section */
		5CBA3694163D11B900939564 /* tSwitch.app */ = {isa = PBXFileReference; explicitFileType = wrapper.application; includeInIndex = 0; path = tSwitch.app; sourceTree = BUILT_PRODUCTS_DIR; };
		5CBA3698163D11B900939564 /* UIKit.framework */ = {isa = PBXFileReference; lastKnownFileType = wrapper.framework; name = UIKit.framework; path = System/Library/Frameworks/UIKit.framework; sourceTree = SDKROOT; };
		5CBA369A163D11B900939564 /* Foundation.framework */ = {isa = PBXFileReference; lastKnownFileType = wrapper.framework; name = Foundation.framework; path = System/Library/Frameworks/Foundation.framework; sourceTree = SDKROOT; };
		5CBA369C163D11B900939564 /* CoreGraphics.framework */ = {isa = PBXFileReference; lastKnownFileType = wrapper.framework; name = CoreGraphics.framework; path = System/Library/Frameworks/CoreGraphics.framework; sourceTree = SDKROOT; };
		5CBA36A0163D11B900939564 /* tSwitch-Info.plist */ = {isa = PBXFileReference; lastKnownFileType = text.plist.xml; path = "tSwitch-Info.plist"; sourceTree = "<group>"; };
		5CBA36A2163D11B900939564 /* en */ = {isa = PBXFileReference; lastKnownFileType = text.plist.strings; name = en; path = en.lproj/InfoPlist.strings; sourceTree = "<group>"; };
		5CBA36A4163D11B900939564 /* main.m */ = {isa = PBXFileReference; lastKnownFileType = sourcecode.c.objc; path = main.m; sourceTree = "<group>"; };
		5CBA36A6163D11B900939564 /* tSwitch-Prefix.pch */ = {isa = PBXFileReference; lastKnownFileType = sourcecode.c.h; path = "tSwitch-Prefix.pch"; sourceTree = "<group>"; };
		5CBA36A7163D11B900939564 /* AppDelegate.h */ = {isa = PBXFileReference; lastKnownFileType = sourcecode.c.h; path = AppDelegate.h; sourceTree = "<group>"; };
		5CBA36A8163D11B900939564 /* AppDelegate.m */ = {isa = PBXFileReference; lastKnownFileType = sourcecode.c.objc; path = AppDelegate.m; sourceTree = "<group>"; };
		5CBA36AA163D11B900939564 /* Default.png */ = {isa = PBXFileReference; lastKnownFileType = image.png; path = Default.png; sourceTree = "<group>"; };
		5CBA36AC163D11B900939564 /* Default@2x.png */ = {isa = PBXFileReference; lastKnownFileType = image.png; path = "Default@2x.png"; sourceTree = "<group>"; };
		5CBA36AE163D11B900939564 /* Default-568h@2x.png */ = {isa = PBXFileReference; lastKnownFileType = image.png; path = "Default-568h@2x.png"; sourceTree = "<group>"; };
		5CBA36B0163D11B900939564 /* ViewController.h */ = {isa = PBXFileReference; lastKnownFileType = sourcecode.c.h; path = ViewController.h; sourceTree = "<group>"; };
		5CBA36B1163D11B900939564 /* ViewController.m */ = {isa = PBXFileReference; lastKnownFileType = sourcecode.c.objc; path = ViewController.m; sourceTree = "<group>"; };
		5CBA36B4163D11B900939564 /* en */ = {isa = PBXFileReference; lastKnownFileType = file.xib; name = en; path = en.lproj/ViewController.xib; sourceTree = "<group>"; };
/* End PBXFileReference section */

/* Begin PBXFrameworksBuildPhase section */
		5CBA3691163D11B900939564 /* Frameworks */ = {
			isa = PBXFrameworksBuildPhase;
			buildActionMask = 2147483647;
			files = (
				5CBA3699163D11B900939564 /* UIKit.framework in Frameworks */,
				5CBA369B163D11B900939564 /* Foundation.framework in Frameworks */,
				5CBA369D163D11B900939564 /* CoreGraphics.framework in Frameworks */,
			);
			runOnlyForDeploymentPostprocessing = 0;
		};
/* End PBXFrameworksBuildPhase section */

/* Begin PBXGroup section */
		5CBA3689163D11B900939564 = {
			isa = PBXGroup;
			children = (
				5CBA369E163D11B900939564 /* tSwitch */,
				5CBA3697163D11B900939564 /* Frameworks */,
				5CBA3695163D11B900939564 /* Products */,
			);
			sourceTree = "<group>";
		};
		5CBA3695163D11B900939564 /* Products */ = {
			isa = PBXGroup;
			children = (
				5CBA3694163D11B900939564 /* tSwitch.app */,
			);
			name = Products;
			sourceTree = "<group>";
		};
		5CBA3697163D11B900939564 /* Frameworks */ = {
			isa = PBXGroup;
			children = (
				5CBA3698163D11B900939564 /* UIKit.framework */,
				5CBA369A163D11B900939564 /* Foundation.framework */,
				5CBA369C163D11B900939564 /* CoreGraphics.framework */,
			);
			name = Frameworks;
			sourceTree = "<group>";
		};
		5CBA369E163D11B900939564 /* tSwitch */ = {
			isa = PBXGroup;
			children = (
				5CBA36A7163D11B900939564 /* AppDelegate.h */,
				5CBA36A8163D11B900939564 /* AppDelegate.m */,
				5CBA36B0163D11B900939564 /* ViewController.h */,
				5CBA36B1163D11B900939564 /* ViewController.m */,
				5CBA36B3163D11B900939564 /* ViewController.xib */,
				5CBA369F163D11B900939564 /* Supporting Files */,
			);
			path = tSwitch;
			sourceTree = "<group>";
		};
		5CBA369F163D11B900939564 /* Supporting Files */ = {
			isa = PBXGroup;
			children = (
				5CBA36A0163D11B900939564 /* tSwitch-Info.plist */,
				5CBA36A1163D11B900939564 /* InfoPlist.strings */,
				5CBA36A4163D11B900939564 /* main.m */,
				5CBA36A6163D11B900939564 /* tSwitch-Prefix.pch */,
				5CBA36AA163D11B900939564 /* Default.png */,
				5CBA36AC163D11B900939564 /* Default@2x.png */,
				5CBA36AE163D11B900939564 /* Default-568h@2x.png */,
			);
			name = "Supporting Files";
			sourceTree = "<group>";
		};
/* End PBXGroup section */

/* Begin PBXNativeTarget section */
		5CBA3693163D11B900939564 /* tSwitch */ = {
			isa = PBXNativeTarget;
			buildConfigurationList = 5CBA36B8163D11B900939564 /* Build configuration list for PBXNativeTarget "tSwitch" */;
			buildPhases = (
				5CBA3690163D11B900939564 /* Sources */,
				5CBA3691163D11B900939564 /* Frameworks */,
				5CBA3692163D11B900939564 /* Resources */,
			);
			buildRules = (
			);
			dependencies = (
			);
			name = tSwitch;
			productName = tSwitch;
			productReference = 5CBA3694163D11B900939564 /* tSwitch.app */;
			productType = "com.apple.product-type.application";
		};
/* End PBXNativeTarget section */

/* Begin PBXProject section */
		5CBA368B163D11B900939564 /* Project object */ = {
			isa = PBXProject;
			attributes = {
				LastUpgradeCheck = 0450;
				ORGANIZATIONNAME = kevin;
			};
			buildConfigurationList = 5CBA368E163D11B900939564 /* Build configuration list for PBXProject "tSwitch" */;
			compatibilityVersion = "Xcode 3.2";
			developmentRegion = English;
			hasScannedForEncodings = 0;
			knownRegions = (
				en,
			);
			mainGroup = 5CBA3689163D11B900939564;
			productRefGroup = 5CBA3695163D11B900939564 /* Products */;
			projectDirPath = "";
			projectRoot = "";
			targets = (
				5CBA3693163D11B900939564 /* tSwitch */,
			);
		};
/* End PBXProject section */

/* Begin PBXResourcesBuildPhase section */
		5CBA3692163D11B900939564 /* Resources */ = {
			isa = PBXResourcesBuildPhase;
			buildActionMask = 2147483647;
			files = (
				5CBA36A3163D11B900939564 /* InfoPlist.strings in Resources */,
				5CBA36AB163D11B900939564 /* Default.png in Resources */,
				5CBA36AD163D11B900939564 /* Default@2x.png in Resources */,
				5CBA36AF163D11B900939564 /* Default-568h@2x.png in Resources */,
				5CBA36B5163D11B900939564 /* ViewController.xib in Resources */,
			);
			runOnlyForDeploymentPostprocessing = 0;
		};
/* End PBXResourcesBuildPhase section */

/* Begin PBXSourcesBuildPhase section */
		5CBA3690163D11B900939564 /* Sources */ = {
			isa = PBXSourcesBuildPhase;
			buildActionMask = 2147483647;
			files = (
				5CBA36A5163D11B900939564 /* main.m in Sources */,
				5CBA36A9163D11B900939564 /* AppDelegate.m in Sources */,
				5CBA36B2163D11B900939564 /* ViewController.m in Sources */,
			);
			runOnlyForDeploymentPostprocessing = 0;
		};
/* End PBXSourcesBuildPhase section */

/* Begin PBXVariantGroup section */
		5CBA36A1163D11B900939564 /* InfoPlist.strings */ = {
			isa = PBXVariantGroup;
			children = (
				5CBA36A2163D11B900939564 /* en */,
			);
			name = InfoPlist.strings;
			sourceTree = "<group>";
		};
		5CBA36B3163D11B900939564 /* ViewController.xib */ = {
			isa = PBXVariantGroup;
			children = (
				5CBA36B4163D11B900939564 /* en */,
			);
			name = ViewController.xib;
			sourceTree = "<group>";
		};
/* End PBXVariantGroup section */

/* Begin XCBuildConfiguration section */
		5CBA36B6163D11B900939564 /* Debug */ = {
			isa = XCBuildConfiguration;
			buildSettings = {
				ALWAYS_SEARCH_USER_PATHS = NO;
				CLANG_CXX_LANGUAGE_STANDARD = "gnu++0x";
				CLANG_CXX_LIBRARY = "libc++";
				CLANG_WARN_EMPTY_BODY = YES;
				CLANG_WARN__DUPLICATE_METHOD_MATCH = YES;
				"CODE_SIGN_IDENTITY[sdk=iphoneos*]" = "iPhone Developer";
				COPY_PHASE_STRIP = NO;
				GCC_C_LANGUAGE_STANDARD = gnu99;
				GCC_DYNAMIC_NO_PIC = NO;
				GCC_OPTIMIZATION_LEVEL = 0;
				GCC_PREPROCESSOR_DEFINITIONS = (
					"DEBUG=1",
					"$(inherited)",
				);
				GCC_SYMBOLS_PRIVATE_EXTERN = NO;
				GCC_WARN_ABOUT_RETURN_TYPE = YES;
				GCC_WARN_UNINITIALIZED_AUTOS = YES;
				GCC_WARN_UNUSED_VARIABLE = YES;
				IPHONEOS_DEPLOYMENT_TARGET = 6.0;
				ONLY_ACTIVE_ARCH = YES;
				SDKROOT = iphoneos;
			};
			name = Debug;
		};
		5CBA36B7163D11B900939564 /* Release */ = {
			isa = XCBuildConfiguration;
			buildSettings = {
				ALWAYS_SEARCH_USER_PATHS = NO;
				CLANG_CXX_LANGUAGE_STANDARD = "gnu++0x";
				CLANG_CXX_LIBRARY = "libc++";
				CLANG_WARN_EMPTY_BODY = YES;
				CLANG_WARN__DUPLICATE_METHOD_MATCH = YES;
				"CODE_SIGN_IDENTITY[sdk=iphoneos*]" = "iPhone Developer";
				COPY_PHASE_STRIP = YES;
				GCC_C_LANGUAGE_STANDARD = gnu99;
				GCC_WARN_ABOUT_RETURN_TYPE = YES;
				GCC_WARN_UNINITIALIZED_AUTOS = YES;
				GCC_WARN_UNUSED_VARIABLE = YES;
				IPHONEOS_DEPLOYMENT_TARGET = 6.0;
				OTHER_CFLAGS = "-DNS_BLOCK_ASSERTIONS=1";
				SDKROOT = iphoneos;
				VALIDATE_PRODUCT = YES;
			};
			name = Release;
		};
		5CBA36B9163D11B900939564 /* Debug */ = {
			isa = XCBuildConfiguration;
			buildSettings = {
				GCC_PRECOMPILE_PREFIX_HEADER = YES;
				GCC_PREFIX_HEADER = "tSwitch/tSwitch-Prefix.pch";
				INFOPLIST_FILE = "tSwitch/tSwitch-Info.plist";
				PRODUCT_NAME = "$(TARGET_NAME)";
				WRAPPER_EXTENSION = app;
			};
			name = Debug;
		};
		5CBA36BA163D11B900939564 /* Release */ = {
			isa = XCBuildConfiguration;
			buildSettings = {
				GCC_PRECOMPILE_PREFIX_HEADER = YES;
				GCC_PREFIX_HEADER = "tSwitch/tSwitch-Prefix.pch";
				INFOPLIST_FILE = "tSwitch/tSwitch-Info.plist";
				PRODUCT_NAME = "$(TARGET_NAME)";
				WRAPPER_EXTENSION = app;
			};
			name = Release;
		};
/* End XCBuildConfiguration section */

/* Begin XCConfigurationList section */
		5CBA368E163D11B900939564 /* Build configuration list for PBXProject "tSwitch" */ = {
			isa = XCConfigurationList;
			buildConfigurations = (
				5CBA36B6163D11B900939564 /* Debug */,
				5CBA36B7163D11B900939564 /* Release */,
			);
			defaultConfigurationIsVisible = 0;
			defaultConfigurationName = Release;
		};
		5CBA36B8163D11B900939564 /* Build configuration list for PBXNativeTarget "tSwitch" */ = {
			isa = XCConfigurationList;
			buildConfigurations = (
				5CBA36B9163D11B900939564 /* Debug */,
				5CBA36BA163D11B900939564 /* Release */,
			);
			defaultConfigurationIsVisible = 0;
		};
/* End XCConfigurationList section */
	};
	rootObject = 5CBA368B163D11B900939564 /* Project object */;
}
